{
  "requires": true,
  "lockfileVersion": 1,
  "dependencies": {
    "@types/jquery": {
      "version": "3.3.1",
      "resolved": "https://registry.npmjs.org/@types/jquery/-/jquery-3.3.1.tgz",
      "integrity": "sha512-N3h+rzN518yl2xKrW0o6KKdNmWZ+OwG6SoM5TBEQFF0tTv5wXPEsoOuYQ2Kt3/89XbcSZUJLdjiT/2c3BR/ApQ=="
    },
    "@types/kendo-ui": {
      "version": "2018.1.2",
      "resolved": "https://registry.npmjs.org/@types/kendo-ui/-/kendo-ui-2018.1.2.tgz",
      "integrity": "sha512-f2rIHri6R2pCEPymyuY3s4Nhu53RbHV1kKqhn7PfbfY9/USbZC2bLGS79yJjrVVerJxJPTEvGNIv8zigl7yJkg==",
      "dev": true,
      "requires": {
        "@types/jquery": "*"
      }
    }
  }
}
